
Microsoft Visual Studio Solution File, Format Version 12.00
# Visual Studio Version 17
VisualStudioVersion = 17.10.35122.118
MinimumVisualStudioVersion = 10.0.40219.1
Project("{9A19103F-16F7-4668-BE54-9A1E7A4F7556}") = "Store.Data", "Store.Data\Store.Data.csproj", "{09B928EB-70F1-435C-8833-41F1B7C84447}"
EndProject
Project("{FAE04EC0-301F-11D3-BF4B-00C04F79EFBC}") = "Store.Reprosatory", "Store.Reprosatory\Store.Reprosatory.csproj", "{9141C235-4CA3-495A-B6AC-5CD2C840AC63}"
EndProject
Project("{FAE04EC0-301F-11D3-BF4B-00C04F79EFBC}") = "Store.Service", "Store.Service\Store.Service.csproj", "{9A4F0019-A584-47ED-AFB1-6ED6A4DAD440}"
EndProject
Project("{FAE04EC0-301F-11D3-BF4B-00C04F79EFBC}") = "Store.Web", "Store.Web\Store.Web.csproj", "{3EDFFFBC-6391-4791-B775-6C7459D2C06F}"
EndProject
Global
	GlobalSection(SolutionConfigurationPlatforms) = preSolution
		Debug|Any CPU = Debug|Any CPU
		Release|Any CPU = Release|Any CPU
	EndGlobalSection
	GlobalSection(ProjectConfigurationPlatforms) = postSolution
		{09B928EB-70F1-435C-8833-41F1B7C84447}.Debug|Any CPU.ActiveCfg = Debug|Any CPU
		{09B928EB-70F1-435C-8833-41F1B7C84447}.Debug|Any CPU.Build.0 = Debug|Any CPU
		{09B928EB-70F1-435C-8833-41F1B7C84447}.Release|Any CPU.ActiveCfg = Release|Any CPU
		{09B928EB-70F1-435C-8833-41F1B7C84447}.Release|Any CPU.Build.0 = Release|Any CPU
		{9141C235-4CA3-495A-B6AC-5CD2C840AC63}.Debug|Any CPU.ActiveCfg = Debug|Any CPU
		{9141C235-4CA3-495A-B6AC-5CD2C840AC63}.Debug|Any CPU.Build.0 = Debug|Any CPU
		{9141C235-4CA3-495A-B6AC-5CD2C840AC63}.Release|Any CPU.ActiveCfg = Release|Any CPU
		{9141C235-4CA3-495A-B6AC-5CD2C840AC63}.Release|Any CPU.Build.0 = Release|Any CPU
		{9A4F0019-A584-47ED-AFB1-6ED6A4DAD440}.Debug|Any CPU.ActiveCfg = Debug|Any CPU
		{9A4F0019-A584-47ED-AFB1-6ED6A4DAD440}.Debug|Any CPU.Build.0 = Debug|Any CPU
		{9A4F0019-A584-47ED-AFB1-6ED6A4DAD440}.Release|Any CPU.ActiveCfg = Release|Any CPU
		{9A4F0019-A584-47ED-AFB1-6ED6A4DAD440}.Release|Any CPU.Build.0 = Release|Any CPU
		{3EDFFFBC-6391-4791-B775-6C7459D2C06F}.Debug|Any CPU.ActiveCfg = Debug|Any CPU
		{3EDFFFBC-6391-4791-B775-6C7459D2C06F}.Debug|Any CPU.Build.0 = Debug|Any CPU
		{3EDFFFBC-6391-4791-B775-6C7459D2C06F}.Release|Any CPU.ActiveCfg = Release|Any CPU
		{3EDFFFBC-6391-4791-B775-6C7459D2C06F}.Release|Any CPU.Build.0 = Release|Any CPU
	EndGlobalSection
	GlobalSection(SolutionProperties) = preSolution
		HideSolutionNode = FALSE
	EndGlobalSection
	GlobalSection(ExtensibilityGlobals) = postSolution
		SolutionGuid = {27B928E7-2139-4C29-9EBA-4774118874D2}
	EndGlobalSection
EndGlobal
